<Solution>
  <Folder Name="/benchmarks/">
    <Project Path="benchmarks/Mapperize.Benchmarks/Mapperize.Benchmarks.csproj" />
  </Folder>
  <Folder Name="/samples/">
    <Project Path="samples/Mapperize.Sample/Mapperize.Sample.csproj" />
  </Folder>
  <Folder Name="/samples/examples/">
    <Project Path="samples/examples/Example.Instance/Example.Instance.csproj" />
    <Project Path="samples/examples/Example.Static/Example.Static.csproj" />
    <Project Path="samples/examples/Example.Extension/Example.Extension.csproj" />
    <Project Path="samples/examples/Example.Update/Example.Update.csproj" />
    <Project Path="samples/examples/Example.DependencyInjection/Example.DependencyInjection.csproj" />
    <Project Path="samples/examples/Example.ComplexTypes/Example.ComplexTypes.csproj" />
  </Folder>
  <Folder Name="/src/">
    <Project Path="src/Mapperize.Generator/Mapperize.Generator.csproj" />
    <Project Path="src/Mapperize/Mapperize.csproj" />
  </Folder>
  <Folder Name="/tests/">
    <Project Path="tests/Mapperize.Tests/Mapperize.Tests.csproj" />
  </Folder>
</Solution>
